
Microsoft Visual Studio Solution File, Format Version 12.00
# Visual Studio Version 17
VisualStudioVersion = 17.1.32421.90
MinimumVisualStudioVersion = 10.0.40219.1
Project("{FAE04EC0-301F-11D3-BF4B-00C04F79EFBC}") = "TBRProject.Domain", "TBRProject.Domain\TBRProject.Domain.csproj", "{8A2CC259-3CE8-4F6A-A127-24E4DCB2F192}"
EndProject
Project("{FAE04EC0-301F-11D3-BF4B-00C04F79EFBC}") = "TBRProject.DataAccess", "TBRProject.DataAccess\TBRProject.DataAccess.csproj", "{B54341D9-017E-426F-A552-9A752B5E1393}"
	ProjectSection(ProjectDependencies) = postProject
		{8A2CC259-3CE8-4F6A-A127-24E4DCB2F192} = {8A2CC259-3CE8-4F6A-A127-24E4DCB2F192}
	EndProjectSection
EndProject
Project("{FAE04EC0-301F-11D3-BF4B-00C04F79EFBC}") = "TBRProject.Application", "TBRProject.Application\TBRProject.Application.csproj", "{2785C351-B739-489E-8F15-A37981FF23FB}"
	ProjectSection(ProjectDependencies) = postProject
		{8A2CC259-3CE8-4F6A-A127-24E4DCB2F192} = {8A2CC259-3CE8-4F6A-A127-24E4DCB2F192}
	EndProjectSection
EndProject
Project("{FAE04EC0-301F-11D3-BF4B-00C04F79EFBC}") = "TBRProject.Implementation", "TBRProject.Implementation\TBRProject.Implementation.csproj", "{B0386026-A978-47A6-8E9C-D818EC418BC7}"
	ProjectSection(ProjectDependencies) = postProject
		{8A2CC259-3CE8-4F6A-A127-24E4DCB2F192} = {8A2CC259-3CE8-4F6A-A127-24E4DCB2F192}
	EndProjectSection
EndProject
Project("{FAE04EC0-301F-11D3-BF4B-00C04F79EFBC}") = "TBRProject.Api", "TBRProject.Api\TBRProject.Api.csproj", "{66A7960F-DBCD-4856-88C9-AC68AE0588D6}"
	ProjectSection(ProjectDependencies) = postProject
		{B0386026-A978-47A6-8E9C-D818EC418BC7} = {B0386026-A978-47A6-8E9C-D818EC418BC7}
		{2785C351-B739-489E-8F15-A37981FF23FB} = {2785C351-B739-489E-8F15-A37981FF23FB}
		{8A2CC259-3CE8-4F6A-A127-24E4DCB2F192} = {8A2CC259-3CE8-4F6A-A127-24E4DCB2F192}
		{B54341D9-017E-426F-A552-9A752B5E1393} = {B54341D9-017E-426F-A552-9A752B5E1393}
	EndProjectSection
EndProject
Global
	GlobalSection(SolutionConfigurationPlatforms) = preSolution
		Debug|Any CPU = Debug|Any CPU
		Release|Any CPU = Release|Any CPU
	EndGlobalSection
	GlobalSection(ProjectConfigurationPlatforms) = postSolution
		{8A2CC259-3CE8-4F6A-A127-24E4DCB2F192}.Debug|Any CPU.ActiveCfg = Debug|Any CPU
		{8A2CC259-3CE8-4F6A-A127-24E4DCB2F192}.Debug|Any CPU.Build.0 = Debug|Any CPU
		{8A2CC259-3CE8-4F6A-A127-24E4DCB2F192}.Release|Any CPU.ActiveCfg = Release|Any CPU
		{8A2CC259-3CE8-4F6A-A127-24E4DCB2F192}.Release|Any CPU.Build.0 = Release|Any CPU
		{B54341D9-017E-426F-A552-9A752B5E1393}.Debug|Any CPU.ActiveCfg = Debug|Any CPU
		{B54341D9-017E-426F-A552-9A752B5E1393}.Debug|Any CPU.Build.0 = Debug|Any CPU
		{B54341D9-017E-426F-A552-9A752B5E1393}.Release|Any CPU.ActiveCfg = Release|Any CPU
		{B54341D9-017E-426F-A552-9A752B5E1393}.Release|Any CPU.Build.0 = Release|Any CPU
		{2785C351-B739-489E-8F15-A37981FF23FB}.Debug|Any CPU.ActiveCfg = Debug|Any CPU
		{2785C351-B739-489E-8F15-A37981FF23FB}.Debug|Any CPU.Build.0 = Debug|Any CPU
		{2785C351-B739-489E-8F15-A37981FF23FB}.Release|Any CPU.ActiveCfg = Release|Any CPU
		{2785C351-B739-489E-8F15-A37981FF23FB}.Release|Any CPU.Build.0 = Release|Any CPU
		{B0386026-A978-47A6-8E9C-D818EC418BC7}.Debug|Any CPU.ActiveCfg = Debug|Any CPU
		{B0386026-A978-47A6-8E9C-D818EC418BC7}.Debug|Any CPU.Build.0 = Debug|Any CPU
		{B0386026-A978-47A6-8E9C-D818EC418BC7}.Release|Any CPU.ActiveCfg = Release|Any CPU
		{B0386026-A978-47A6-8E9C-D818EC418BC7}.Release|Any CPU.Build.0 = Release|Any CPU
		{66A7960F-DBCD-4856-88C9-AC68AE0588D6}.Debug|Any CPU.ActiveCfg = Debug|Any CPU
		{66A7960F-DBCD-4856-88C9-AC68AE0588D6}.Debug|Any CPU.Build.0 = Debug|Any CPU
		{66A7960F-DBCD-4856-88C9-AC68AE0588D6}.Release|Any CPU.ActiveCfg = Release|Any CPU
		{66A7960F-DBCD-4856-88C9-AC68AE0588D6}.Release|Any CPU.Build.0 = Release|Any CPU
	EndGlobalSection
	GlobalSection(SolutionProperties) = preSolution
		HideSolutionNode = FALSE
	EndGlobalSection
	GlobalSection(ExtensibilityGlobals) = postSolution
		SolutionGuid = {06AD9A1D-54AA-48B2-AFF5-57D2B743C6C5}
	EndGlobalSection
EndGlobal
